
Microsoft Visual Studio Solution File, Format Version 12.00
# Visual Studio Version 16
VisualStudioVersion = 16.0.31205.134
MinimumVisualStudioVersion = 10.0.40219.1
Project("{9A19103F-16F7-4668-BE54-9A1E7A4F7556}") = "RobustPredicates.Test", "tests\RobustPredicates.Test\RobustPredicates.Test.csproj", "{309F3358-AEC6-491B-B813-3AF42908A355}"
EndProject
Project("{2150E333-8FDC-42A3-9474-1A3956D46DE8}") = "src", "src", "{90A01DE7-045A-43BB-9DB0-C068E4E974A2}"
EndProject
Project("{9A19103F-16F7-4668-BE54-9A1E7A4F7556}") = "RobustPredicates", "src\RobustPredicates\RobustPredicates.csproj", "{4E8E0566-9D60-49D0-B1E6-169EC3C2AEDB}"
EndProject
Project("{2150E333-8FDC-42A3-9474-1A3956D46DE8}") = "tests", "tests", "{F313C46A-71C5-47C8-B7A9-CF1F0C5A6BCD}"
EndProject
Global
	GlobalSection(SolutionConfigurationPlatforms) = preSolution
		Debug|Any CPU = Debug|Any CPU
		Release|Any CPU = Release|Any CPU
	EndGlobalSection
	GlobalSection(ProjectConfigurationPlatforms) = postSolution
		{309F3358-AEC6-491B-B813-3AF42908A355}.Debug|Any CPU.ActiveCfg = Debug|Any CPU
		{309F3358-AEC6-491B-B813-3AF42908A355}.Debug|Any CPU.Build.0 = Debug|Any CPU
		{309F3358-AEC6-491B-B813-3AF42908A355}.Release|Any CPU.ActiveCfg = Release|Any CPU
		{309F3358-AEC6-491B-B813-3AF42908A355}.Release|Any CPU.Build.0 = Release|Any CPU
		{4E8E0566-9D60-49D0-B1E6-169EC3C2AEDB}.Debug|Any CPU.ActiveCfg = Debug|Any CPU
		{4E8E0566-9D60-49D0-B1E6-169EC3C2AEDB}.Debug|Any CPU.Build.0 = Debug|Any CPU
		{4E8E0566-9D60-49D0-B1E6-169EC3C2AEDB}.Release|Any CPU.ActiveCfg = Release|Any CPU
		{4E8E0566-9D60-49D0-B1E6-169EC3C2AEDB}.Release|Any CPU.Build.0 = Release|Any CPU
	EndGlobalSection
	GlobalSection(SolutionProperties) = preSolution
		HideSolutionNode = FALSE
	EndGlobalSection
	GlobalSection(NestedProjects) = preSolution
		{309F3358-AEC6-491B-B813-3AF42908A355} = {F313C46A-71C5-47C8-B7A9-CF1F0C5A6BCD}
		{4E8E0566-9D60-49D0-B1E6-169EC3C2AEDB} = {90A01DE7-045A-43BB-9DB0-C068E4E974A2}
	EndGlobalSection
	GlobalSection(ExtensibilityGlobals) = postSolution
		SolutionGuid = {D16916FB-7FDD-44B8-9E0C-27FFBA48560D}
	EndGlobalSection
EndGlobal
